
Microsoft Visual Studio Solution File, Format Version 12.00
# Visual Studio Version 16
VisualStudioVersion = 16.0.31321.278
MinimumVisualStudioVersion = 10.0.40219.1
Project("{FAE04EC0-301F-11D3-BF4B-00C04F79EFBC}") = "SalesWebMVC", "SalesWebMVC\SalesWebMVC.csproj", "{77A71C28-C740-4F43-B995-64D114C819CF}"
EndProject
Global
	GlobalSection(SolutionConfigurationPlatforms) = preSolution
		Debug|Any CPU = Debug|Any CPU
		Release|Any CPU = Release|Any CPU
	EndGlobalSection
	GlobalSection(ProjectConfigurationPlatforms) = postSolution
		{77A71C28-C740-4F43-B995-64D114C819CF}.Debug|Any CPU.ActiveCfg = Debug|Any CPU
		{77A71C28-C740-4F43-B995-64D114C819CF}.Debug|Any CPU.Build.0 = Debug|Any CPU
		{77A71C28-C740-4F43-B995-64D114C819CF}.Release|Any CPU.ActiveCfg = Release|Any CPU
		{77A71C28-C740-4F43-B995-64D114C819CF}.Release|Any CPU.Build.0 = Release|Any CPU
	EndGlobalSection
	GlobalSection(SolutionProperties) = preSolution
		HideSolutionNode = FALSE
	EndGlobalSection
	GlobalSection(ExtensibilityGlobals) = postSolution
		SolutionGuid = {5CA77944-3A9D-45A9-B452-782D4B6E6ADE}
	EndGlobalSection
EndGlobal
